
Microsoft Visual Studio Solution File, Format Version 12.00
# Visual Studio Version 16
VisualStudioVersion = 16.0.31410.357
MinimumVisualStudioVersion = 10.0.40219.1
Project("{FAE04EC0-301F-11D3-BF4B-00C04F79EFBC}") = "Metragem", "Metragem\Metragem.csproj", "{DAC69196-E0BF-4CC6-9E4D-CADE30241954}"
EndProject
Project("{FAE04EC0-301F-11D3-BF4B-00C04F79EFBC}") = "MetragemTest", "MetragemTest\MetragemTest.csproj", "{08282CFF-6F8E-4F37-99E6-6EA56747CA1A}"
EndProject
Global
	GlobalSection(SolutionConfigurationPlatforms) = preSolution
		Debug|Any CPU = Debug|Any CPU
		Release|Any CPU = Release|Any CPU
	EndGlobalSection
	GlobalSection(ProjectConfigurationPlatforms) = postSolution
		{DAC69196-E0BF-4CC6-9E4D-CADE30241954}.Debug|Any CPU.ActiveCfg = Debug|Any CPU
		{DAC69196-E0BF-4CC6-9E4D-CADE30241954}.Debug|Any CPU.Build.0 = Debug|Any CPU
		{DAC69196-E0BF-4CC6-9E4D-CADE30241954}.Release|Any CPU.ActiveCfg = Release|Any CPU
		{DAC69196-E0BF-4CC6-9E4D-CADE30241954}.Release|Any CPU.Build.0 = Release|Any CPU
		{08282CFF-6F8E-4F37-99E6-6EA56747CA1A}.Debug|Any CPU.ActiveCfg = Debug|Any CPU
		{08282CFF-6F8E-4F37-99E6-6EA56747CA1A}.Debug|Any CPU.Build.0 = Debug|Any CPU
		{08282CFF-6F8E-4F37-99E6-6EA56747CA1A}.Release|Any CPU.ActiveCfg = Release|Any CPU
		{08282CFF-6F8E-4F37-99E6-6EA56747CA1A}.Release|Any CPU.Build.0 = Release|Any CPU
	EndGlobalSection
	GlobalSection(SolutionProperties) = preSolution
		HideSolutionNode = FALSE
	EndGlobalSection
	GlobalSection(ExtensibilityGlobals) = postSolution
		SolutionGuid = {30AE6149-754B-4906-BB8B-54D94E1B548C}
	EndGlobalSection
EndGlobal
